
Microsoft Visual Studio Solution File, Format Version 12.00
# Visual Studio Version 17
VisualStudioVersion = 17.0.31919.166
MinimumVisualStudioVersion = 10.0.40219.1
Project("{9A19103F-16F7-4668-BE54-9A1E7A4F7556}") = "WritingFunctions", "WritingFunctions\WritingFunctions.csproj", "{4E9E9D86-7836-4439-9BCF-5CC31566C51B}"
EndProject
Project("{9A19103F-16F7-4668-BE54-9A1E7A4F7556}") = "Debugging", "Debugging\Debugging.csproj", "{8481C8B1-B5DF-4D22-B6E6-729EC5B06A95}"
EndProject
Project("{9A19103F-16F7-4668-BE54-9A1E7A4F7556}") = "Instrumenting", "Instrumenting\Instrumenting.csproj", "{F6422518-3F5B-40B9-863A-B93EE1795208}"
EndProject
Project("{FAE04EC0-301F-11D3-BF4B-00C04F79EFBC}") = "CalcLib", "CalcLib\CalcLib.csproj", "{7D6D3F0D-3AF3-490B-A76E-0022090FE300}"
EndProject
Project("{FAE04EC0-301F-11D3-BF4B-00C04F79EFBC}") = "CalcLibUnitTests", "CalcLibUnitTests\CalcLibUnitTests.csproj", "{6C647373-604B-4E93-BC94-90338EEE8A29}"
EndProject
Project("{FAE04EC0-301F-11D3-BF4B-00C04F79EFBC}") = "CallStackExceptionHandlingLib", "CallStackExceptionHandlingLib\CallStackExceptionHandlingLib.csproj", "{B358E8CD-0799-497C-956C-0A7B87AE4904}"
EndProject
Project("{FAE04EC0-301F-11D3-BF4B-00C04F79EFBC}") = "CallStackExceptionHandling", "CallStackExceptionHandling\CallStackExceptionHandling.csproj", "{13E62429-C24B-40F3-9C54-7902D85740D2}"
EndProject
Project("{FAE04EC0-301F-11D3-BF4B-00C04F79EFBC}") = "PrimeFactorsLib", "PrimeFactorsLib\PrimeFactorsLib.csproj", "{1808FA18-DC35-4CFF-8678-E048777665D5}"
EndProject
Project("{FAE04EC0-301F-11D3-BF4B-00C04F79EFBC}") = "PrimeFactorsConsole", "PrimeFactorsConsole\PrimeFactorsConsole.csproj", "{F9B09BC1-B912-4A6A-BE4C-4442010CFAAF}"
EndProject
Project("{FAE04EC0-301F-11D3-BF4B-00C04F79EFBC}") = "PrimeFactorsTest", "PrimeFactorsTest\PrimeFactorsTest.csproj", "{EACBFFFD-D9B3-45B5-8BD5-B675924F66A0}"
EndProject
Global
	GlobalSection(SolutionConfigurationPlatforms) = preSolution
		Debug|Any CPU = Debug|Any CPU
		Release|Any CPU = Release|Any CPU
	EndGlobalSection
	GlobalSection(ProjectConfigurationPlatforms) = postSolution
		{4E9E9D86-7836-4439-9BCF-5CC31566C51B}.Debug|Any CPU.ActiveCfg = Debug|Any CPU
		{4E9E9D86-7836-4439-9BCF-5CC31566C51B}.Debug|Any CPU.Build.0 = Debug|Any CPU
		{4E9E9D86-7836-4439-9BCF-5CC31566C51B}.Release|Any CPU.ActiveCfg = Release|Any CPU
		{4E9E9D86-7836-4439-9BCF-5CC31566C51B}.Release|Any CPU.Build.0 = Release|Any CPU
		{8481C8B1-B5DF-4D22-B6E6-729EC5B06A95}.Debug|Any CPU.ActiveCfg = Debug|Any CPU
		{8481C8B1-B5DF-4D22-B6E6-729EC5B06A95}.Debug|Any CPU.Build.0 = Debug|Any CPU
		{8481C8B1-B5DF-4D22-B6E6-729EC5B06A95}.Release|Any CPU.ActiveCfg = Release|Any CPU
		{8481C8B1-B5DF-4D22-B6E6-729EC5B06A95}.Release|Any CPU.Build.0 = Release|Any CPU
		{F6422518-3F5B-40B9-863A-B93EE1795208}.Debug|Any CPU.ActiveCfg = Debug|Any CPU
		{F6422518-3F5B-40B9-863A-B93EE1795208}.Debug|Any CPU.Build.0 = Debug|Any CPU
		{F6422518-3F5B-40B9-863A-B93EE1795208}.Release|Any CPU.ActiveCfg = Release|Any CPU
		{F6422518-3F5B-40B9-863A-B93EE1795208}.Release|Any CPU.Build.0 = Release|Any CPU
		{7D6D3F0D-3AF3-490B-A76E-0022090FE300}.Debug|Any CPU.ActiveCfg = Debug|Any CPU
		{7D6D3F0D-3AF3-490B-A76E-0022090FE300}.Debug|Any CPU.Build.0 = Debug|Any CPU
		{7D6D3F0D-3AF3-490B-A76E-0022090FE300}.Release|Any CPU.ActiveCfg = Release|Any CPU
		{7D6D3F0D-3AF3-490B-A76E-0022090FE300}.Release|Any CPU.Build.0 = Release|Any CPU
		{6C647373-604B-4E93-BC94-90338EEE8A29}.Debug|Any CPU.ActiveCfg = Debug|Any CPU
		{6C647373-604B-4E93-BC94-90338EEE8A29}.Debug|Any CPU.Build.0 = Debug|Any CPU
		{6C647373-604B-4E93-BC94-90338EEE8A29}.Release|Any CPU.ActiveCfg = Release|Any CPU
		{6C647373-604B-4E93-BC94-90338EEE8A29}.Release|Any CPU.Build.0 = Release|Any CPU
		{B358E8CD-0799-497C-956C-0A7B87AE4904}.Debug|Any CPU.ActiveCfg = Debug|Any CPU
		{B358E8CD-0799-497C-956C-0A7B87AE4904}.Debug|Any CPU.Build.0 = Debug|Any CPU
		{B358E8CD-0799-497C-956C-0A7B87AE4904}.Release|Any CPU.ActiveCfg = Release|Any CPU
		{B358E8CD-0799-497C-956C-0A7B87AE4904}.Release|Any CPU.Build.0 = Release|Any CPU
		{13E62429-C24B-40F3-9C54-7902D85740D2}.Debug|Any CPU.ActiveCfg = Debug|Any CPU
		{13E62429-C24B-40F3-9C54-7902D85740D2}.Debug|Any CPU.Build.0 = Debug|Any CPU
		{13E62429-C24B-40F3-9C54-7902D85740D2}.Release|Any CPU.ActiveCfg = Release|Any CPU
		{13E62429-C24B-40F3-9C54-7902D85740D2}.Release|Any CPU.Build.0 = Release|Any CPU
		{1808FA18-DC35-4CFF-8678-E048777665D5}.Debug|Any CPU.ActiveCfg = Debug|Any CPU
		{1808FA18-DC35-4CFF-8678-E048777665D5}.Debug|Any CPU.Build.0 = Debug|Any CPU
		{1808FA18-DC35-4CFF-8678-E048777665D5}.Release|Any CPU.ActiveCfg = Release|Any CPU
		{1808FA18-DC35-4CFF-8678-E048777665D5}.Release|Any CPU.Build.0 = Release|Any CPU
		{F9B09BC1-B912-4A6A-BE4C-4442010CFAAF}.Debug|Any CPU.ActiveCfg = Debug|Any CPU
		{F9B09BC1-B912-4A6A-BE4C-4442010CFAAF}.Debug|Any CPU.Build.0 = Debug|Any CPU
		{F9B09BC1-B912-4A6A-BE4C-4442010CFAAF}.Release|Any CPU.ActiveCfg = Release|Any CPU
		{F9B09BC1-B912-4A6A-BE4C-4442010CFAAF}.Release|Any CPU.Build.0 = Release|Any CPU
		{EACBFFFD-D9B3-45B5-8BD5-B675924F66A0}.Debug|Any CPU.ActiveCfg = Debug|Any CPU
		{EACBFFFD-D9B3-45B5-8BD5-B675924F66A0}.Debug|Any CPU.Build.0 = Debug|Any CPU
		{EACBFFFD-D9B3-45B5-8BD5-B675924F66A0}.Release|Any CPU.ActiveCfg = Release|Any CPU
		{EACBFFFD-D9B3-45B5-8BD5-B675924F66A0}.Release|Any CPU.Build.0 = Release|Any CPU
	EndGlobalSection
	GlobalSection(SolutionProperties) = preSolution
		HideSolutionNode = FALSE
	EndGlobalSection
	GlobalSection(ExtensibilityGlobals) = postSolution
		SolutionGuid = {B7C6D690-9602-4927-B558-C273D741670A}
	EndGlobalSection
EndGlobal
