
Microsoft Visual Studio Solution File, Format Version 12.00
# Visual Studio Version 17
VisualStudioVersion = 17.0.31919.166
MinimumVisualStudioVersion = 10.0.40219.1
Project("{FAE04EC0-301F-11D3-BF4B-00C04F79EFBC}") = "HelloCS", "HelloCS\HelloCS.csproj", "{5FBE7DD7-F8AC-4C86-9455-D5685CEA0B2F}"
EndProject
Project("{FAE04EC0-301F-11D3-BF4B-00C04F79EFBC}") = "TopLevelProgram", "TopLevelProgram\TopLevelProgram.csproj", "{57DCF775-9272-4288-A931-FE53099FE49C}"
EndProject
Global
	GlobalSection(SolutionConfigurationPlatforms) = preSolution
		Debug|Any CPU = Debug|Any CPU
		Release|Any CPU = Release|Any CPU
	EndGlobalSection
	GlobalSection(ProjectConfigurationPlatforms) = postSolution
		{5FBE7DD7-F8AC-4C86-9455-D5685CEA0B2F}.Debug|Any CPU.ActiveCfg = Debug|Any CPU
		{5FBE7DD7-F8AC-4C86-9455-D5685CEA0B2F}.Debug|Any CPU.Build.0 = Debug|Any CPU
		{5FBE7DD7-F8AC-4C86-9455-D5685CEA0B2F}.Release|Any CPU.ActiveCfg = Release|Any CPU
		{5FBE7DD7-F8AC-4C86-9455-D5685CEA0B2F}.Release|Any CPU.Build.0 = Release|Any CPU
		{57DCF775-9272-4288-A931-FE53099FE49C}.Debug|Any CPU.ActiveCfg = Debug|Any CPU
		{57DCF775-9272-4288-A931-FE53099FE49C}.Debug|Any CPU.Build.0 = Debug|Any CPU
		{57DCF775-9272-4288-A931-FE53099FE49C}.Release|Any CPU.ActiveCfg = Release|Any CPU
		{57DCF775-9272-4288-A931-FE53099FE49C}.Release|Any CPU.Build.0 = Release|Any CPU
	EndGlobalSection
	GlobalSection(SolutionProperties) = preSolution
		HideSolutionNode = FALSE
	EndGlobalSection
	GlobalSection(ExtensibilityGlobals) = postSolution
		SolutionGuid = {45379204-BF8A-4B99-A58E-79F04CFF131A}
	EndGlobalSection
EndGlobal
