
Microsoft Visual Studio Solution File, Format Version 12.00
# Visual Studio Version 17
VisualStudioVersion = 17.0.32014.148
MinimumVisualStudioVersion = 10.0.40219.1
Project("{FAE04EC0-301F-11D3-BF4B-00C04F79EFBC}") = "WorkingWithEFCore", "WorkingWithEFCore\WorkingWithEFCore.csproj", "{EE5E91EC-0EFF-40BF-8D6B-19F05C31F264}"
EndProject
Global
	GlobalSection(SolutionConfigurationPlatforms) = preSolution
		Debug|Any CPU = Debug|Any CPU
		Release|Any CPU = Release|Any CPU
	EndGlobalSection
	GlobalSection(ProjectConfigurationPlatforms) = postSolution
		{EE5E91EC-0EFF-40BF-8D6B-19F05C31F264}.Debug|Any CPU.ActiveCfg = Debug|Any CPU
		{EE5E91EC-0EFF-40BF-8D6B-19F05C31F264}.Debug|Any CPU.Build.0 = Debug|Any CPU
		{EE5E91EC-0EFF-40BF-8D6B-19F05C31F264}.Release|Any CPU.ActiveCfg = Release|Any CPU
		{EE5E91EC-0EFF-40BF-8D6B-19F05C31F264}.Release|Any CPU.Build.0 = Release|Any CPU
	EndGlobalSection
	GlobalSection(SolutionProperties) = preSolution
		HideSolutionNode = FALSE
	EndGlobalSection
	GlobalSection(ExtensibilityGlobals) = postSolution
		SolutionGuid = {02DD9BCC-856B-40CE-8413-17A4C3CEC9BD}
	EndGlobalSection
EndGlobal
