
Microsoft Visual Studio Solution File, Format Version 12.00
# Visual Studio Version 17
VisualStudioVersion = 17.0.31919.166
MinimumVisualStudioVersion = 10.0.40219.1
Project("{9A19103F-16F7-4668-BE54-9A1E7A4F7556}") = "Operators", "ConsoleApp1\Operators.csproj", "{3DEC3394-E001-4745-B824-1454218E2287}"
EndProject
Project("{9A19103F-16F7-4668-BE54-9A1E7A4F7556}") = "BooleanOperators", "BooleanOperators\BooleanOperators.csproj", "{A0A84BB9-4000-43B1-9ACF-75BC19635945}"
EndProject
Project("{9A19103F-16F7-4668-BE54-9A1E7A4F7556}") = "BitwiseAndShiftOperators", "BitwiseAndShiftOperators\BitwiseAndShiftOperators.csproj", "{4F74C83E-C000-4591-A942-CB8460417A9E}"
EndProject
Project("{9A19103F-16F7-4668-BE54-9A1E7A4F7556}") = "SelectionStatements", "SelectionStatements\SelectionStatements.csproj", "{161C90BB-55BF-421D-A33D-B5C19308D415}"
EndProject
Project("{FAE04EC0-301F-11D3-BF4B-00C04F79EFBC}") = "IterationStatements", "IterationStatements\IterationStatements.csproj", "{7D5145D5-7EC5-4DF7-A3B3-5A13CF37218D}"
EndProject
Project("{FAE04EC0-301F-11D3-BF4B-00C04F79EFBC}") = "CastingConverting", "CastingConverting\CastingConverting.csproj", "{FA3B738C-9EA2-489A-9189-BB6699A1D8E1}"
EndProject
Project("{FAE04EC0-301F-11D3-BF4B-00C04F79EFBC}") = "HandlingExceptions", "HandlingExceptions\HandlingExceptions.csproj", "{795B0CBA-8C50-4046-A556-5A88A08582D9}"
EndProject
Project("{FAE04EC0-301F-11D3-BF4B-00C04F79EFBC}") = "CheckingForOverflow", "CheckingForOverflow\CheckingForOverflow.csproj", "{E0EED52A-31C3-4CC9-B4CA-420D8B0F9545}"
EndProject
Global
	GlobalSection(SolutionConfigurationPlatforms) = preSolution
		Debug|Any CPU = Debug|Any CPU
		Release|Any CPU = Release|Any CPU
	EndGlobalSection
	GlobalSection(ProjectConfigurationPlatforms) = postSolution
		{3DEC3394-E001-4745-B824-1454218E2287}.Debug|Any CPU.ActiveCfg = Debug|Any CPU
		{3DEC3394-E001-4745-B824-1454218E2287}.Debug|Any CPU.Build.0 = Debug|Any CPU
		{3DEC3394-E001-4745-B824-1454218E2287}.Release|Any CPU.ActiveCfg = Release|Any CPU
		{3DEC3394-E001-4745-B824-1454218E2287}.Release|Any CPU.Build.0 = Release|Any CPU
		{A0A84BB9-4000-43B1-9ACF-75BC19635945}.Debug|Any CPU.ActiveCfg = Debug|Any CPU
		{A0A84BB9-4000-43B1-9ACF-75BC19635945}.Debug|Any CPU.Build.0 = Debug|Any CPU
		{A0A84BB9-4000-43B1-9ACF-75BC19635945}.Release|Any CPU.ActiveCfg = Release|Any CPU
		{A0A84BB9-4000-43B1-9ACF-75BC19635945}.Release|Any CPU.Build.0 = Release|Any CPU
		{4F74C83E-C000-4591-A942-CB8460417A9E}.Debug|Any CPU.ActiveCfg = Debug|Any CPU
		{4F74C83E-C000-4591-A942-CB8460417A9E}.Debug|Any CPU.Build.0 = Debug|Any CPU
		{4F74C83E-C000-4591-A942-CB8460417A9E}.Release|Any CPU.ActiveCfg = Release|Any CPU
		{4F74C83E-C000-4591-A942-CB8460417A9E}.Release|Any CPU.Build.0 = Release|Any CPU
		{161C90BB-55BF-421D-A33D-B5C19308D415}.Debug|Any CPU.ActiveCfg = Debug|Any CPU
		{161C90BB-55BF-421D-A33D-B5C19308D415}.Debug|Any CPU.Build.0 = Debug|Any CPU
		{161C90BB-55BF-421D-A33D-B5C19308D415}.Release|Any CPU.ActiveCfg = Release|Any CPU
		{161C90BB-55BF-421D-A33D-B5C19308D415}.Release|Any CPU.Build.0 = Release|Any CPU
		{7D5145D5-7EC5-4DF7-A3B3-5A13CF37218D}.Debug|Any CPU.ActiveCfg = Debug|Any CPU
		{7D5145D5-7EC5-4DF7-A3B3-5A13CF37218D}.Debug|Any CPU.Build.0 = Debug|Any CPU
		{7D5145D5-7EC5-4DF7-A3B3-5A13CF37218D}.Release|Any CPU.ActiveCfg = Release|Any CPU
		{7D5145D5-7EC5-4DF7-A3B3-5A13CF37218D}.Release|Any CPU.Build.0 = Release|Any CPU
		{FA3B738C-9EA2-489A-9189-BB6699A1D8E1}.Debug|Any CPU.ActiveCfg = Debug|Any CPU
		{FA3B738C-9EA2-489A-9189-BB6699A1D8E1}.Debug|Any CPU.Build.0 = Debug|Any CPU
		{FA3B738C-9EA2-489A-9189-BB6699A1D8E1}.Release|Any CPU.ActiveCfg = Release|Any CPU
		{FA3B738C-9EA2-489A-9189-BB6699A1D8E1}.Release|Any CPU.Build.0 = Release|Any CPU
		{795B0CBA-8C50-4046-A556-5A88A08582D9}.Debug|Any CPU.ActiveCfg = Debug|Any CPU
		{795B0CBA-8C50-4046-A556-5A88A08582D9}.Debug|Any CPU.Build.0 = Debug|Any CPU
		{795B0CBA-8C50-4046-A556-5A88A08582D9}.Release|Any CPU.ActiveCfg = Release|Any CPU
		{795B0CBA-8C50-4046-A556-5A88A08582D9}.Release|Any CPU.Build.0 = Release|Any CPU
		{E0EED52A-31C3-4CC9-B4CA-420D8B0F9545}.Debug|Any CPU.ActiveCfg = Debug|Any CPU
		{E0EED52A-31C3-4CC9-B4CA-420D8B0F9545}.Debug|Any CPU.Build.0 = Debug|Any CPU
		{E0EED52A-31C3-4CC9-B4CA-420D8B0F9545}.Release|Any CPU.ActiveCfg = Release|Any CPU
		{E0EED52A-31C3-4CC9-B4CA-420D8B0F9545}.Release|Any CPU.Build.0 = Release|Any CPU
	EndGlobalSection
	GlobalSection(SolutionProperties) = preSolution
		HideSolutionNode = FALSE
	EndGlobalSection
	GlobalSection(ExtensibilityGlobals) = postSolution
		SolutionGuid = {F0C6B462-CC3D-4C92-9F8F-DEFDB7A908CC}
	EndGlobalSection
EndGlobal
