
Microsoft Visual Studio Solution File, Format Version 12.00
# Visual Studio Version 17
VisualStudioVersion = 17.0.32014.148
MinimumVisualStudioVersion = 10.0.40219.1
Project("{9A19103F-16F7-4668-BE54-9A1E7A4F7556}") = "PeopleApp", "PeopleApp\PeopleApp.csproj", "{89A26D61-BFB5-4822-82CE-62902C3DCC78}"
EndProject
Project("{9A19103F-16F7-4668-BE54-9A1E7A4F7556}") = "PacktLibrary", "PacktLibrary\PacktLibrary.csproj", "{AA012E95-3D76-4756-B1C1-957C811B042A}"
EndProject
Project("{FAE04EC0-301F-11D3-BF4B-00C04F79EFBC}") = "PacktLibraryModern", "PacktLibraryModern\PacktLibraryModern.csproj", "{3683FC82-470C-4726-8576-095E900EDBDB}"
EndProject
Global
	GlobalSection(SolutionConfigurationPlatforms) = preSolution
		Debug|Any CPU = Debug|Any CPU
		Release|Any CPU = Release|Any CPU
	EndGlobalSection
	GlobalSection(ProjectConfigurationPlatforms) = postSolution
		{89A26D61-BFB5-4822-82CE-62902C3DCC78}.Debug|Any CPU.ActiveCfg = Debug|Any CPU
		{89A26D61-BFB5-4822-82CE-62902C3DCC78}.Debug|Any CPU.Build.0 = Debug|Any CPU
		{89A26D61-BFB5-4822-82CE-62902C3DCC78}.Release|Any CPU.ActiveCfg = Release|Any CPU
		{89A26D61-BFB5-4822-82CE-62902C3DCC78}.Release|Any CPU.Build.0 = Release|Any CPU
		{AA012E95-3D76-4756-B1C1-957C811B042A}.Debug|Any CPU.ActiveCfg = Debug|Any CPU
		{AA012E95-3D76-4756-B1C1-957C811B042A}.Debug|Any CPU.Build.0 = Debug|Any CPU
		{AA012E95-3D76-4756-B1C1-957C811B042A}.Release|Any CPU.ActiveCfg = Release|Any CPU
		{AA012E95-3D76-4756-B1C1-957C811B042A}.Release|Any CPU.Build.0 = Release|Any CPU
		{3683FC82-470C-4726-8576-095E900EDBDB}.Debug|Any CPU.ActiveCfg = Debug|Any CPU
		{3683FC82-470C-4726-8576-095E900EDBDB}.Debug|Any CPU.Build.0 = Debug|Any CPU
		{3683FC82-470C-4726-8576-095E900EDBDB}.Release|Any CPU.ActiveCfg = Release|Any CPU
		{3683FC82-470C-4726-8576-095E900EDBDB}.Release|Any CPU.Build.0 = Release|Any CPU
	EndGlobalSection
	GlobalSection(SolutionProperties) = preSolution
		HideSolutionNode = FALSE
	EndGlobalSection
	GlobalSection(ExtensibilityGlobals) = postSolution
		SolutionGuid = {EB51FB8D-4F56-423D-A81E-DA885E6A7608}
	EndGlobalSection
EndGlobal
